{
  "name": "@khaf/hereweather",
  "version": "1.0.0",
  "lockfileVersion": 2,
  "requires": true,
  "packages": {
    "": {
      "name": "@khaf/hereweather",
      "version": "1.0.0",
      "license": "MIT",
      "dependencies": {
        "undici-fetch": "github:Ethan-Arrowood/undici-fetch"
      }
    },
    "node_modules/undici": {
      "version": "4.0.0",
      "resolved": "https://registry.npmjs.org/undici/-/undici-4.0.0.tgz",
      "integrity": "sha512-bVXZKTcQPECj2yYWgVWk1tDw3T24Bzfbp5H5bivcVCpklpqoGvJ842mCA54bExFzuCZcIPrwsVJXWt215/qRIg==",
      "engines": {
        "node": ">=12.18"
      }
    },
    "node_modules/undici-fetch": {
      "version": "1.0.0-rc.3",
      "resolved": "git+ssh://git@github.com/Ethan-Arrowood/undici-fetch.git#7541c95396bc2bcccedfa1ec8e66af2857d4d7f3",
      "license": "MIT",
      "dependencies": {
        "undici": "^4.0.0"
      },
      "engines": {
        "node": ">=14.0.0"
      }
    }
  },
  "dependencies": {
    "undici": {
      "version": "4.0.0",
      "resolved": "https://registry.npmjs.org/undici/-/undici-4.0.0.tgz",
      "integrity": "sha512-bVXZKTcQPECj2yYWgVWk1tDw3T24Bzfbp5H5bivcVCpklpqoGvJ842mCA54bExFzuCZcIPrwsVJXWt215/qRIg=="
    },
    "undici-fetch": {
      "version": "git+ssh://git@github.com/Ethan-Arrowood/undici-fetch.git#7541c95396bc2bcccedfa1ec8e66af2857d4d7f3",
      "from": "undici-fetch@github:Ethan-Arrowood/undici-fetch",
      "requires": {
        "undici": "^4.0.0"
      }
    }
  }
}
