{
  "name": "@khaf/thenounproject",
  "version": "3.1.0",
  "lockfileVersion": 2,
  "requires": true,
  "packages": {
    "": {
      "name": "@khaf/thenounproject",
      "version": "3.1.0",
      "license": "MIT",
      "dependencies": {
        "undici-fetch": "^1.0.0-rc.4"
      },
      "devDependencies": {
        "typescript": "3.4.3"
      }
    },
    "node_modules/typescript": {
      "version": "3.4.3",
      "resolved": "https://registry.npmjs.org/typescript/-/typescript-3.4.3.tgz",
      "integrity": "sha512-FFgHdPt4T/duxx6Ndf7hwgMZZjZpB+U0nMNGVCYPq0rEzWKjEDobm4J6yb3CS7naZ0yURFqdw9Gwc7UOh/P9oQ==",
      "dev": true,
      "bin": {
        "tsc": "bin/tsc",
        "tsserver": "bin/tsserver"
      },
      "engines": {
        "node": ">=4.2.0"
      }
    },
    "node_modules/undici": {
      "version": "4.1.1",
      "resolved": "https://registry.npmjs.org/undici/-/undici-4.1.1.tgz",
      "integrity": "sha512-aqdRMkuNEkVHrAE7tce+FzF86DUcfbuv1nv4j3BNqx6l8sP4/6urJS6crf/wBEhotvP6YDaoqzZS6hYgjAt6BQ==",
      "engines": {
        "node": ">=12.18"
      }
    },
    "node_modules/undici-fetch": {
      "version": "1.0.0-rc.4",
      "resolved": "https://registry.npmjs.org/undici-fetch/-/undici-fetch-1.0.0-rc.4.tgz",
      "integrity": "sha512-+F9lSstpd0YJkBBAMe1UXlUVeadsd/AJrB0643smYHcKAdwCtoBVWfoFO0ibk1sA1BEFH7himsWC5aHLomGK0g==",
      "dependencies": {
        "undici": "^4.0.0"
      },
      "engines": {
        "node": ">=14.0.0"
      }
    }
  },
  "dependencies": {
    "typescript": {
      "version": "3.4.3",
      "resolved": "https://registry.npmjs.org/typescript/-/typescript-3.4.3.tgz",
      "integrity": "sha512-FFgHdPt4T/duxx6Ndf7hwgMZZjZpB+U0nMNGVCYPq0rEzWKjEDobm4J6yb3CS7naZ0yURFqdw9Gwc7UOh/P9oQ==",
      "dev": true
    },
    "undici": {
      "version": "4.1.1",
      "resolved": "https://registry.npmjs.org/undici/-/undici-4.1.1.tgz",
      "integrity": "sha512-aqdRMkuNEkVHrAE7tce+FzF86DUcfbuv1nv4j3BNqx6l8sP4/6urJS6crf/wBEhotvP6YDaoqzZS6hYgjAt6BQ=="
    },
    "undici-fetch": {
      "version": "1.0.0-rc.4",
      "resolved": "https://registry.npmjs.org/undici-fetch/-/undici-fetch-1.0.0-rc.4.tgz",
      "integrity": "sha512-+F9lSstpd0YJkBBAMe1UXlUVeadsd/AJrB0643smYHcKAdwCtoBVWfoFO0ibk1sA1BEFH7himsWC5aHLomGK0g==",
      "requires": {
        "undici": "^4.0.0"
      }
    }
  }
}
