{
  "name": "@khaf/weather",
  "version": "1.0.0",
  "lockfileVersion": 2,
  "requires": true,
  "dependencies": {
    "undici": {
      "version": "4.4.7",
      "resolved": "https://registry.npmjs.org/undici/-/undici-4.4.7.tgz",
      "integrity": "sha512-41YDu0wuKPhvd2oPDHRe0ufai70O8nOyL6vgpWkv1DUPTwOx59GhZVRvZwinBLAiKJHta/91gSb7wmrDghuJIw=="
    }
  }
}
