{
  "name": "@khaf/badmeme",
  "version": "3.1.0",
  "lockfileVersion": 2,
  "requires": true,
  "packages": {
    "": {
      "name": "@khaf/badmeme",
      "version": "3.1.0",
      "license": "MIT",
      "dependencies": {
        "undici": "^4.4.7"
      },
      "devDependencies": {
        "@types/node": "^15.12.5"
      }
    },
    "node_modules/@types/node": {
      "version": "15.12.5",
      "resolved": "https://registry.npmjs.org/@types/node/-/node-15.12.5.tgz",
      "integrity": "sha512-se3yX7UHv5Bscf8f1ERKvQOD6sTyycH3hdaoozvaLxgUiY5lIGEeH37AD0G0Qi9kPqihPn0HOfd2yaIEN9VwEg==",
      "dev": true
    },
    "node_modules/undici": {
      "version": "4.4.7",
      "resolved": "https://registry.npmjs.org/undici/-/undici-4.4.7.tgz",
      "integrity": "sha512-41YDu0wuKPhvd2oPDHRe0ufai70O8nOyL6vgpWkv1DUPTwOx59GhZVRvZwinBLAiKJHta/91gSb7wmrDghuJIw==",
      "engines": {
        "node": ">=12.18"
      }
    }
  },
  "dependencies": {
    "@types/node": {
      "version": "15.12.5",
      "resolved": "https://registry.npmjs.org/@types/node/-/node-15.12.5.tgz",
      "integrity": "sha512-se3yX7UHv5Bscf8f1ERKvQOD6sTyycH3hdaoozvaLxgUiY5lIGEeH37AD0G0Qi9kPqihPn0HOfd2yaIEN9VwEg==",
      "dev": true
    },
    "undici": {
      "version": "4.4.7",
      "resolved": "https://registry.npmjs.org/undici/-/undici-4.4.7.tgz",
      "integrity": "sha512-41YDu0wuKPhvd2oPDHRe0ufai70O8nOyL6vgpWkv1DUPTwOx59GhZVRvZwinBLAiKJHta/91gSb7wmrDghuJIw=="
    }
  }
}
