{
  "name": "@khaf/badmeme",
  "version": "3.1.0",
  "lockfileVersion": 2,
  "requires": true,
  "packages": {
    "": {
      "name": "@khaf/badmeme",
      "version": "3.1.0",
      "license": "MIT",
      "dependencies": {
        "undici-fetch": "^1.0.0-rc.3"
      },
      "devDependencies": {
        "@types/node": "^15.12.5"
      }
    },
    "node_modules/@types/node": {
      "version": "15.12.5",
      "resolved": "https://registry.npmjs.org/@types/node/-/node-15.12.5.tgz",
      "integrity": "sha512-se3yX7UHv5Bscf8f1ERKvQOD6sTyycH3hdaoozvaLxgUiY5lIGEeH37AD0G0Qi9kPqihPn0HOfd2yaIEN9VwEg==",
      "dev": true
    },
    "node_modules/undici": {
      "version": "4.0.0",
      "resolved": "https://registry.npmjs.org/undici/-/undici-4.0.0.tgz",
      "integrity": "sha512-bVXZKTcQPECj2yYWgVWk1tDw3T24Bzfbp5H5bivcVCpklpqoGvJ842mCA54bExFzuCZcIPrwsVJXWt215/qRIg==",
      "engines": {
        "node": ">=12.18"
      }
    },
    "node_modules/undici-fetch": {
      "version": "1.0.0-rc.3",
      "resolved": "https://registry.npmjs.org/undici-fetch/-/undici-fetch-1.0.0-rc.3.tgz",
      "integrity": "sha512-1DzvbH/QWhTJEPfHLspn2hmvhpfLG/+dOEWWazQmvlfA5AKKY+Rp61ypM9OAee6cSEiGnTt7eMZRhUr3NDIqtQ==",
      "dependencies": {
        "undici": "^4.0.0"
      },
      "engines": {
        "node": ">=14.0.0"
      }
    }
  },
  "dependencies": {
    "@types/node": {
      "version": "15.12.5",
      "resolved": "https://registry.npmjs.org/@types/node/-/node-15.12.5.tgz",
      "integrity": "sha512-se3yX7UHv5Bscf8f1ERKvQOD6sTyycH3hdaoozvaLxgUiY5lIGEeH37AD0G0Qi9kPqihPn0HOfd2yaIEN9VwEg==",
      "dev": true
    },
    "undici": {
      "version": "4.0.0",
      "resolved": "https://registry.npmjs.org/undici/-/undici-4.0.0.tgz",
      "integrity": "sha512-bVXZKTcQPECj2yYWgVWk1tDw3T24Bzfbp5H5bivcVCpklpqoGvJ842mCA54bExFzuCZcIPrwsVJXWt215/qRIg=="
    },
    "undici-fetch": {
      "version": "1.0.0-rc.3",
      "resolved": "https://registry.npmjs.org/undici-fetch/-/undici-fetch-1.0.0-rc.3.tgz",
      "integrity": "sha512-1DzvbH/QWhTJEPfHLspn2hmvhpfLG/+dOEWWazQmvlfA5AKKY+Rp61ypM9OAee6cSEiGnTt7eMZRhUr3NDIqtQ==",
      "requires": {
        "undici": "^4.0.0"
      }
    }
  }
}
