{
  "name": "@khaf/quran",
  "version": "1.0.0",
  "lockfileVersion": 2,
  "requires": true,
  "packages": {
    "": {
      "name": "@khaf/quran",
      "version": "1.0.0",
      "license": "MIT",
      "dependencies": {
        "undici": "^4.4.7"
      },
      "devDependencies": {
        "typescript": "3.4.3"
      }
    },
    "node_modules/typescript": {
      "version": "3.4.3",
      "resolved": "https://registry.npmjs.org/typescript/-/typescript-3.4.3.tgz",
      "integrity": "sha512-FFgHdPt4T/duxx6Ndf7hwgMZZjZpB+U0nMNGVCYPq0rEzWKjEDobm4J6yb3CS7naZ0yURFqdw9Gwc7UOh/P9oQ==",
      "dev": true,
      "bin": {
        "tsc": "bin/tsc",
        "tsserver": "bin/tsserver"
      },
      "engines": {
        "node": ">=4.2.0"
      }
    },
    "node_modules/undici": {
      "version": "4.4.7",
      "resolved": "https://registry.npmjs.org/undici/-/undici-4.4.7.tgz",
      "integrity": "sha512-41YDu0wuKPhvd2oPDHRe0ufai70O8nOyL6vgpWkv1DUPTwOx59GhZVRvZwinBLAiKJHta/91gSb7wmrDghuJIw==",
      "engines": {
        "node": ">=12.18"
      }
    }
  },
  "dependencies": {
    "typescript": {
      "version": "3.4.3",
      "resolved": "https://registry.npmjs.org/typescript/-/typescript-3.4.3.tgz",
      "integrity": "sha512-FFgHdPt4T/duxx6Ndf7hwgMZZjZpB+U0nMNGVCYPq0rEzWKjEDobm4J6yb3CS7naZ0yURFqdw9Gwc7UOh/P9oQ==",
      "dev": true
    },
    "undici": {
      "version": "4.4.7",
      "resolved": "https://registry.npmjs.org/undici/-/undici-4.4.7.tgz",
      "integrity": "sha512-41YDu0wuKPhvd2oPDHRe0ufai70O8nOyL6vgpWkv1DUPTwOx59GhZVRvZwinBLAiKJHta/91gSb7wmrDghuJIw=="
    }
  }
}
